
Microsoft Visual Studio Solution File, Format Version 12.00
# Visual Studio Version 16
VisualStudioVersion = 16.0.31729.503
MinimumVisualStudioVersion = 10.0.40219.1
Project("{9A19103F-16F7-4668-BE54-9A1E7A4F7556}") = "Tebnabawe.Data", "Tebnabawe.Data\Tebnabawe.Data.csproj", "{65950DF8-64F8-4912-B8DE-3D69F2277865}"
EndProject
Project("{9A19103F-16F7-4668-BE54-9A1E7A4F7556}") = "Tebnabawe.Application", "Tebnabawe.Application\Tebnabawe.Application.csproj", "{3CF94870-CD5E-42C3-BB31-1188281D9C1C}"
EndProject
Project("{9A19103F-16F7-4668-BE54-9A1E7A4F7556}") = "Tebnabawe.Web", "Tebnabawe.Web\Tebnabawe.Web.csproj", "{297D50C8-83EB-4A47-839E-215E8A324209}"
EndProject
Global
	GlobalSection(SolutionConfigurationPlatforms) = preSolution
		Debug|Any CPU = Debug|Any CPU
		Release|Any CPU = Release|Any CPU
	EndGlobalSection
	GlobalSection(ProjectConfigurationPlatforms) = postSolution
		{65950DF8-64F8-4912-B8DE-3D69F2277865}.Debug|Any CPU.ActiveCfg = Debug|Any CPU
		{65950DF8-64F8-4912-B8DE-3D69F2277865}.Debug|Any CPU.Build.0 = Debug|Any CPU
		{65950DF8-64F8-4912-B8DE-3D69F2277865}.Release|Any CPU.ActiveCfg = Release|Any CPU
		{65950DF8-64F8-4912-B8DE-3D69F2277865}.Release|Any CPU.Build.0 = Release|Any CPU
		{3CF94870-CD5E-42C3-BB31-1188281D9C1C}.Debug|Any CPU.ActiveCfg = Debug|Any CPU
		{3CF94870-CD5E-42C3-BB31-1188281D9C1C}.Debug|Any CPU.Build.0 = Debug|Any CPU
		{3CF94870-CD5E-42C3-BB31-1188281D9C1C}.Release|Any CPU.ActiveCfg = Release|Any CPU
		{3CF94870-CD5E-42C3-BB31-1188281D9C1C}.Release|Any CPU.Build.0 = Release|Any CPU
		{297D50C8-83EB-4A47-839E-215E8A324209}.Debug|Any CPU.ActiveCfg = Debug|Any CPU
		{297D50C8-83EB-4A47-839E-215E8A324209}.Debug|Any CPU.Build.0 = Debug|Any CPU
		{297D50C8-83EB-4A47-839E-215E8A324209}.Release|Any CPU.ActiveCfg = Release|Any CPU
		{297D50C8-83EB-4A47-839E-215E8A324209}.Release|Any CPU.Build.0 = Release|Any CPU
	EndGlobalSection
	GlobalSection(SolutionProperties) = preSolution
		HideSolutionNode = FALSE
	EndGlobalSection
	GlobalSection(ExtensibilityGlobals) = postSolution
		SolutionGuid = {DB08A05F-F86A-489D-AA45-BC61F10B9381}
	EndGlobalSection
EndGlobal
